
Microsoft Visual Studio Solution File, Format Version 12.00
# Visual Studio Version 17
VisualStudioVersion = 17.3.32901.215
MinimumVisualStudioVersion = 10.0.40219.1
Project("{9A19103F-16F7-4668-BE54-9A1E7A4F7556}") = "Wilgysef.StdoutHook.Cli", "Wilgysef.StdoutHook.Cli\Wilgysef.StdoutHook.Cli.csproj", "{611D1FA7-BF95-45D1-AC9B-70C6056344AB}"
EndProject
Project("{9A19103F-16F7-4668-BE54-9A1E7A4F7556}") = "Wilgysef.StdoutHook", "Wilgysef.StdoutHook\Wilgysef.StdoutHook.csproj", "{46C03643-23B2-4119-BF07-BEBA58439EA1}"
EndProject
Project("{2150E333-8FDC-42A3-9474-1A3956D46DE8}") = "Tests", "Tests", "{2E5E022B-151B-4596-9AFD-80429B05A74B}"
EndProject
Project("{9A19103F-16F7-4668-BE54-9A1E7A4F7556}") = "Wilgysef.StdoutHook.Cli.Tests", "Tests\Wilgysef.StdoutHook.Cli.Tests\Wilgysef.StdoutHook.Cli.Tests.csproj", "{DE9183D1-7BF7-4CD4-AE94-16AABBA18761}"
EndProject
Project("{9A19103F-16F7-4668-BE54-9A1E7A4F7556}") = "Wilgysef.StdoutHook.Tests", "Tests\Wilgysef.StdoutHook.Tests\Wilgysef.StdoutHook.Tests.csproj", "{26A28E7D-F5C3-43B9-AA78-528E932FA6B9}"
EndProject
Project("{2150E333-8FDC-42A3-9474-1A3956D46DE8}") = "Solution Items", "Solution Items", "{43A6701B-BA47-44C1-97DE-2946530FD3FE}"
	ProjectSection(SolutionItems) = preProject
		.editorconfig = .editorconfig
		Directory.Build.props = Directory.Build.props
	EndProjectSection
EndProject
Global
	GlobalSection(SolutionConfigurationPlatforms) = preSolution
		Debug|Any CPU = Debug|Any CPU
		Release|Any CPU = Release|Any CPU
	EndGlobalSection
	GlobalSection(ProjectConfigurationPlatforms) = postSolution
		{611D1FA7-BF95-45D1-AC9B-70C6056344AB}.Debug|Any CPU.ActiveCfg = Debug|Any CPU
		{611D1FA7-BF95-45D1-AC9B-70C6056344AB}.Debug|Any CPU.Build.0 = Debug|Any CPU
		{611D1FA7-BF95-45D1-AC9B-70C6056344AB}.Release|Any CPU.ActiveCfg = Release|Any CPU
		{611D1FA7-BF95-45D1-AC9B-70C6056344AB}.Release|Any CPU.Build.0 = Release|Any CPU
		{46C03643-23B2-4119-BF07-BEBA58439EA1}.Debug|Any CPU.ActiveCfg = Debug|Any CPU
		{46C03643-23B2-4119-BF07-BEBA58439EA1}.Debug|Any CPU.Build.0 = Debug|Any CPU
		{46C03643-23B2-4119-BF07-BEBA58439EA1}.Release|Any CPU.ActiveCfg = Release|Any CPU
		{46C03643-23B2-4119-BF07-BEBA58439EA1}.Release|Any CPU.Build.0 = Release|Any CPU
		{DE9183D1-7BF7-4CD4-AE94-16AABBA18761}.Debug|Any CPU.ActiveCfg = Debug|Any CPU
		{DE9183D1-7BF7-4CD4-AE94-16AABBA18761}.Debug|Any CPU.Build.0 = Debug|Any CPU
		{DE9183D1-7BF7-4CD4-AE94-16AABBA18761}.Release|Any CPU.ActiveCfg = Release|Any CPU
		{DE9183D1-7BF7-4CD4-AE94-16AABBA18761}.Release|Any CPU.Build.0 = Release|Any CPU
		{26A28E7D-F5C3-43B9-AA78-528E932FA6B9}.Debug|Any CPU.ActiveCfg = Debug|Any CPU
		{26A28E7D-F5C3-43B9-AA78-528E932FA6B9}.Debug|Any CPU.Build.0 = Debug|Any CPU
		{26A28E7D-F5C3-43B9-AA78-528E932FA6B9}.Release|Any CPU.ActiveCfg = Release|Any CPU
		{26A28E7D-F5C3-43B9-AA78-528E932FA6B9}.Release|Any CPU.Build.0 = Release|Any CPU
	EndGlobalSection
	GlobalSection(SolutionProperties) = preSolution
		HideSolutionNode = FALSE
	EndGlobalSection
	GlobalSection(NestedProjects) = preSolution
		{DE9183D1-7BF7-4CD4-AE94-16AABBA18761} = {2E5E022B-151B-4596-9AFD-80429B05A74B}
		{26A28E7D-F5C3-43B9-AA78-528E932FA6B9} = {2E5E022B-151B-4596-9AFD-80429B05A74B}
	EndGlobalSection
	GlobalSection(ExtensibilityGlobals) = postSolution
		SolutionGuid = {B4C12726-17BC-4EE9-B149-7D7481881F12}
	EndGlobalSection
EndGlobal
